
Microsoft Visual Studio Solution File, Format Version 12.00
# Visual Studio Version 16
VisualStudioVersion = 16.0.32901.82
MinimumVisualStudioVersion = 10.0.40219.1
Project("{9A19103F-16F7-4668-BE54-9A1E7A4F7556}") = "RetoBackendOrenes.Dominio", "RetoBackendOrenes.Dominio\RetoBackendOrenes.Dominio.csproj", "{2DE71CAC-7B5F-46DA-B89D-FECC85A56067}"
EndProject
Project("{9A19103F-16F7-4668-BE54-9A1E7A4F7556}") = "RetoBackendOrenes.Aplicacion", "RetoBackendOrenes.Aplicacion\RetoBackendOrenes.Aplicacion.csproj", "{715AD062-F249-4DC7-89E5-8DA8C7427BB2}"
EndProject
Project("{FAE04EC0-301F-11D3-BF4B-00C04F79EFBC}") = "RetoBackendOrenes.Infrastructura.Datos", "RetoBackendOrenes.Infrastructura.Datos\RetoBackendOrenes.Infrastructura.Datos.csproj", "{1830476A-FBFC-45DF-B689-BE5D5E3E2204}"
EndProject
Project("{FAE04EC0-301F-11D3-BF4B-00C04F79EFBC}") = "RetoBackendOrenes.Infrastructura.API", "RetoBackendOrenes.Infrastructura.API\RetoBackendOrenes.Infrastructura.API.csproj", "{DAE8956D-856D-4C6A-A749-C1E3D7E729C6}"
EndProject
Global
	GlobalSection(SolutionConfigurationPlatforms) = preSolution
		Debug|Any CPU = Debug|Any CPU
		Release|Any CPU = Release|Any CPU
	EndGlobalSection
	GlobalSection(ProjectConfigurationPlatforms) = postSolution
		{2DE71CAC-7B5F-46DA-B89D-FECC85A56067}.Debug|Any CPU.ActiveCfg = Debug|Any CPU
		{2DE71CAC-7B5F-46DA-B89D-FECC85A56067}.Debug|Any CPU.Build.0 = Debug|Any CPU
		{2DE71CAC-7B5F-46DA-B89D-FECC85A56067}.Release|Any CPU.ActiveCfg = Release|Any CPU
		{2DE71CAC-7B5F-46DA-B89D-FECC85A56067}.Release|Any CPU.Build.0 = Release|Any CPU
		{715AD062-F249-4DC7-89E5-8DA8C7427BB2}.Debug|Any CPU.ActiveCfg = Debug|Any CPU
		{715AD062-F249-4DC7-89E5-8DA8C7427BB2}.Debug|Any CPU.Build.0 = Debug|Any CPU
		{715AD062-F249-4DC7-89E5-8DA8C7427BB2}.Release|Any CPU.ActiveCfg = Release|Any CPU
		{715AD062-F249-4DC7-89E5-8DA8C7427BB2}.Release|Any CPU.Build.0 = Release|Any CPU
		{1830476A-FBFC-45DF-B689-BE5D5E3E2204}.Debug|Any CPU.ActiveCfg = Debug|Any CPU
		{1830476A-FBFC-45DF-B689-BE5D5E3E2204}.Debug|Any CPU.Build.0 = Debug|Any CPU
		{1830476A-FBFC-45DF-B689-BE5D5E3E2204}.Release|Any CPU.ActiveCfg = Release|Any CPU
		{1830476A-FBFC-45DF-B689-BE5D5E3E2204}.Release|Any CPU.Build.0 = Release|Any CPU
		{DAE8956D-856D-4C6A-A749-C1E3D7E729C6}.Debug|Any CPU.ActiveCfg = Debug|Any CPU
		{DAE8956D-856D-4C6A-A749-C1E3D7E729C6}.Debug|Any CPU.Build.0 = Debug|Any CPU
		{DAE8956D-856D-4C6A-A749-C1E3D7E729C6}.Release|Any CPU.ActiveCfg = Release|Any CPU
		{DAE8956D-856D-4C6A-A749-C1E3D7E729C6}.Release|Any CPU.Build.0 = Release|Any CPU
	EndGlobalSection
	GlobalSection(SolutionProperties) = preSolution
		HideSolutionNode = FALSE
	EndGlobalSection
	GlobalSection(ExtensibilityGlobals) = postSolution
		SolutionGuid = {18688194-FC30-43E0-92A0-75C7E49D135C}
	EndGlobalSection
EndGlobal
